
Microsoft Visual Studio Solution File, Format Version 12.00
# Visual Studio 15
VisualStudioVersion = 15.0.26730.15
MinimumVisualStudioVersion = 10.0.40219.1
Project("{FAE04EC0-301F-11D3-BF4B-00C04F79EFBC}") = "Interop", "Interop\Interop.csproj", "{7D1DEC8E-9B2B-4505-92EB-7DC55CB21DD3}"
EndProject
Project("{8BC9CEB8-8B4A-11D0-8D11-00A0C91BC942}") = "Library", "Library\Library.vcxproj", "{B269735F-5CA8-4DA8-946C-4B17E64580E2}"
EndProject
Global
	GlobalSection(SolutionConfigurationPlatforms) = preSolution
		Debug|Any CPU = Debug|Any CPU
		Debug|x64 = Debug|x64
		Debug|x86 = Debug|x86
		Release|Any CPU = Release|Any CPU
		Release|x64 = Release|x64
		Release|x86 = Release|x86
	EndGlobalSection
	GlobalSection(ProjectConfigurationPlatforms) = postSolution
		{7D1DEC8E-9B2B-4505-92EB-7DC55CB21DD3}.Debug|Any CPU.ActiveCfg = Debug|Any CPU
		{7D1DEC8E-9B2B-4505-92EB-7DC55CB21DD3}.Debug|x64.ActiveCfg = Debug|Any CPU
		{7D1DEC8E-9B2B-4505-92EB-7DC55CB21DD3}.Debug|x64.Build.0 = Debug|Any CPU
		{7D1DEC8E-9B2B-4505-92EB-7DC55CB21DD3}.Debug|x86.ActiveCfg = Debug|Any CPU
		{7D1DEC8E-9B2B-4505-92EB-7DC55CB21DD3}.Debug|x86.Build.0 = Debug|Any CPU
		{7D1DEC8E-9B2B-4505-92EB-7DC55CB21DD3}.Release|Any CPU.ActiveCfg = Release|Any CPU
		{7D1DEC8E-9B2B-4505-92EB-7DC55CB21DD3}.Release|Any CPU.Build.0 = Release|Any CPU
		{7D1DEC8E-9B2B-4505-92EB-7DC55CB21DD3}.Release|x64.ActiveCfg = Release|Any CPU
		{7D1DEC8E-9B2B-4505-92EB-7DC55CB21DD3}.Release|x64.Build.0 = Release|Any CPU
		{7D1DEC8E-9B2B-4505-92EB-7DC55CB21DD3}.Release|x86.ActiveCfg = Release|Any CPU
		{7D1DEC8E-9B2B-4505-92EB-7DC55CB21DD3}.Release|x86.Build.0 = Release|Any CPU
		{B269735F-5CA8-4DA8-946C-4B17E64580E2}.Debug|Any CPU.ActiveCfg = Debug|x64
		{B269735F-5CA8-4DA8-946C-4B17E64580E2}.Debug|Any CPU.Build.0 = Debug|x64
		{B269735F-5CA8-4DA8-946C-4B17E64580E2}.Debug|x64.ActiveCfg = Debug|x64
		{B269735F-5CA8-4DA8-946C-4B17E64580E2}.Debug|x64.Build.0 = Debug|x64
		{B269735F-5CA8-4DA8-946C-4B17E64580E2}.Debug|x86.ActiveCfg = Debug|Win32
		{B269735F-5CA8-4DA8-946C-4B17E64580E2}.Debug|x86.Build.0 = Debug|Win32
		{B269735F-5CA8-4DA8-946C-4B17E64580E2}.Release|Any CPU.ActiveCfg = Release|Win32
		{B269735F-5CA8-4DA8-946C-4B17E64580E2}.Release|x64.ActiveCfg = Release|x64
		{B269735F-5CA8-4DA8-946C-4B17E64580E2}.Release|x64.Build.0 = Release|x64
		{B269735F-5CA8-4DA8-946C-4B17E64580E2}.Release|x86.ActiveCfg = Release|Win32
		{B269735F-5CA8-4DA8-946C-4B17E64580E2}.Release|x86.Build.0 = Release|Win32
	EndGlobalSection
	GlobalSection(SolutionProperties) = preSolution
		HideSolutionNode = FALSE
	EndGlobalSection
	GlobalSection(ExtensibilityGlobals) = postSolution
		SolutionGuid = {6003DBF4-F5C8-4B79-B827-376F36B0A346}
	EndGlobalSection
EndGlobal
